
Microsoft Visual Studio Solution File, Format Version 12.00
# Visual Studio 15
VisualStudioVersion = 15.0.27130.2036
MinimumVisualStudioVersion = 10.0.40219.1
Project("{FAE04EC0-301F-11D3-BF4B-00C04F79EFBC}") = "PortingToNetStandard.Console", "PortingToNetStandard.Console\PortingToNetStandard.Console.csproj", "{1D3E86F2-DF1F-4E1F-B48E-C7F9014B7E77}"
EndProject
Project("{FAE04EC0-301F-11D3-BF4B-00C04F79EFBC}") = "PortingToNetStandard", "PortingToNetStandard\PortingToNetStandard.csproj", "{BD353424-2E66-49B0-BBCD-8F94B5006897}"
EndProject
Global
	GlobalSection(SolutionConfigurationPlatforms) = preSolution
		Debug|Any CPU = Debug|Any CPU
		Release|Any CPU = Release|Any CPU
	EndGlobalSection
	GlobalSection(ProjectConfigurationPlatforms) = postSolution
		{1D3E86F2-DF1F-4E1F-B48E-C7F9014B7E77}.Debug|Any CPU.ActiveCfg = Debug|Any CPU
		{1D3E86F2-DF1F-4E1F-B48E-C7F9014B7E77}.Debug|Any CPU.Build.0 = Debug|Any CPU
		{1D3E86F2-DF1F-4E1F-B48E-C7F9014B7E77}.Release|Any CPU.ActiveCfg = Release|Any CPU
		{1D3E86F2-DF1F-4E1F-B48E-C7F9014B7E77}.Release|Any CPU.Build.0 = Release|Any CPU
		{BD353424-2E66-49B0-BBCD-8F94B5006897}.Debug|Any CPU.ActiveCfg = Debug|Any CPU
		{BD353424-2E66-49B0-BBCD-8F94B5006897}.Debug|Any CPU.Build.0 = Debug|Any CPU
		{BD353424-2E66-49B0-BBCD-8F94B5006897}.Release|Any CPU.ActiveCfg = Release|Any CPU
		{BD353424-2E66-49B0-BBCD-8F94B5006897}.Release|Any CPU.Build.0 = Release|Any CPU
	EndGlobalSection
	GlobalSection(SolutionProperties) = preSolution
		HideSolutionNode = FALSE
	EndGlobalSection
	GlobalSection(ExtensibilityGlobals) = postSolution
		SolutionGuid = {65CF646B-C0E5-4996-AECF-7CC63AEEC93E}
	EndGlobalSection
EndGlobal
